
Microsoft Visual Studio Solution File, Format Version 12.00
# Visual Studio 15
VisualStudioVersion = 15.0.28307.168
MinimumVisualStudioVersion = 10.0.40219.1
Project("{9A19103F-16F7-4668-BE54-9A1E7A4F7556}") = "Altairis.RazorPages.Paging", "Altairis.RazorPages.Paging\Altairis.RazorPages.Paging.csproj", "{CAFF22FB-FDA6-450D-BA06-FE81D3C46A38}"
EndProject
Project("{FAE04EC0-301F-11D3-BF4B-00C04F79EFBC}") = "PagingDemoApp", "PagingDemoApp\PagingDemoApp.csproj", "{73548B19-5476-423A-B42D-6CDACD179A3B}"
EndProject
Global
	GlobalSection(SolutionConfigurationPlatforms) = preSolution
		Debug|Any CPU = Debug|Any CPU
		Release|Any CPU = Release|Any CPU
	EndGlobalSection
	GlobalSection(ProjectConfigurationPlatforms) = postSolution
		{CAFF22FB-FDA6-450D-BA06-FE81D3C46A38}.Debug|Any CPU.ActiveCfg = Debug|Any CPU
		{CAFF22FB-FDA6-450D-BA06-FE81D3C46A38}.Debug|Any CPU.Build.0 = Debug|Any CPU
		{CAFF22FB-FDA6-450D-BA06-FE81D3C46A38}.Release|Any CPU.ActiveCfg = Release|Any CPU
		{CAFF22FB-FDA6-450D-BA06-FE81D3C46A38}.Release|Any CPU.Build.0 = Release|Any CPU
		{73548B19-5476-423A-B42D-6CDACD179A3B}.Debug|Any CPU.ActiveCfg = Debug|Any CPU
		{73548B19-5476-423A-B42D-6CDACD179A3B}.Debug|Any CPU.Build.0 = Debug|Any CPU
		{73548B19-5476-423A-B42D-6CDACD179A3B}.Release|Any CPU.ActiveCfg = Release|Any CPU
		{73548B19-5476-423A-B42D-6CDACD179A3B}.Release|Any CPU.Build.0 = Release|Any CPU
	EndGlobalSection
	GlobalSection(SolutionProperties) = preSolution
		HideSolutionNode = FALSE
	EndGlobalSection
	GlobalSection(ExtensibilityGlobals) = postSolution
		SolutionGuid = {46C6D47E-2EEC-467C-B6D5-F4C69CC7C932}
	EndGlobalSection
EndGlobal
