<Solution>
  <Folder Name="/Apollo/">
    <Project Path="src/Apollo/MultiTarget/Apollo.HttpService/Apollo.HttpService.csproj" />
  </Folder>
  <Project Path="src/SportSys.Application/SportSys.Application.csproj" Id="a7fd54f9-88f4-48ec-bfd0-a192acfc752c" />
  <Project Path="src/SportSys.Contract/SportSys.Contract.csproj" Id="24abea74-a575-4711-842d-fbfa0c029e13" />
  <Project Path="src/SportSys.ConsoleApp/SportSys.ConsoleApp.csproj" />
  <Project Path="src/SportSys.Database/SportSys.Database.csproj" Id="3566e93e-2b8c-44b7-893a-1cef309cd633" />
</Solution>
